
Microsoft Visual Studio Solution File, Format Version 12.00
# Visual Studio Version 16
VisualStudioVersion = 16.0.30907.101
MinimumVisualStudioVersion = 10.0.40219.1
Project("{FAE04EC0-301F-11D3-BF4B-00C04F79EFBC}") = "Lab18LinkList", "Lab18LinkList.csproj", "{DAFFC132-D421-4261-A990-19AEDB7FD2C3}"
EndProject
Global
	GlobalSection(SolutionConfigurationPlatforms) = preSolution
		Debug|Any CPU = Debug|Any CPU
		Release|Any CPU = Release|Any CPU
	EndGlobalSection
	GlobalSection(ProjectConfigurationPlatforms) = postSolution
		{DAFFC132-D421-4261-A990-19AEDB7FD2C3}.Debug|Any CPU.ActiveCfg = Debug|Any CPU
		{DAFFC132-D421-4261-A990-19AEDB7FD2C3}.Debug|Any CPU.Build.0 = Debug|Any CPU
		{DAFFC132-D421-4261-A990-19AEDB7FD2C3}.Release|Any CPU.ActiveCfg = Release|Any CPU
		{DAFFC132-D421-4261-A990-19AEDB7FD2C3}.Release|Any CPU.Build.0 = Release|Any CPU
	EndGlobalSection
	GlobalSection(SolutionProperties) = preSolution
		HideSolutionNode = FALSE
	EndGlobalSection
	GlobalSection(ExtensibilityGlobals) = postSolution
		SolutionGuid = {D3AB5B32-7871-40D3-BE08-2BC33CFEFF9A}
	EndGlobalSection
EndGlobal
